
Microsoft Visual Studio Solution File, Format Version 12.00
# Visual Studio Version 17
VisualStudioVersion = 17.14.36401.2 d17.14
MinimumVisualStudioVersion = 10.0.40219.1
Project("{FAE04EC0-301F-11D3-BF4B-00C04F79EFBC}") = "ElectroComSystem", "ElectroComSystem\ElectroComSystem.csproj", "{A048022E-E048-4322-A772-737EAF541773}"
EndProject
Global
	GlobalSection(SolutionConfigurationPlatforms) = preSolution
		Debug|Any CPU = Debug|Any CPU
		Release|Any CPU = Release|Any CPU
	EndGlobalSection
	GlobalSection(ProjectConfigurationPlatforms) = postSolution
		{A048022E-E048-4322-A772-737EAF541773}.Debug|Any CPU.ActiveCfg = Debug|Any CPU
		{A048022E-E048-4322-A772-737EAF541773}.Debug|Any CPU.Build.0 = Debug|Any CPU
		{A048022E-E048-4322-A772-737EAF541773}.Release|Any CPU.ActiveCfg = Release|Any CPU
		{A048022E-E048-4322-A772-737EAF541773}.Release|Any CPU.Build.0 = Release|Any CPU
	EndGlobalSection
	GlobalSection(SolutionProperties) = preSolution
		HideSolutionNode = FALSE
	EndGlobalSection
	GlobalSection(ExtensibilityGlobals) = postSolution
		SolutionGuid = {F21FEEC2-C1CE-4120-BD66-82F5C30280E4}
	EndGlobalSection
EndGlobal
