
Microsoft Visual Studio Solution File, Format Version 12.00
# Visual Studio Version 17
VisualStudioVersion = 17.14.36401.2
MinimumVisualStudioVersion = 10.0.40219.1
Project("{FAE04EC0-301F-11D3-BF4B-00C04F79EFBC}") = "GadgetHubWeb", "GadgetHubWeb\GadgetHubWeb.csproj", "{47853CB5-B034-4802-B81E-DB1A9C6AD9D0}"
EndProject
Global
	GlobalSection(SolutionConfigurationPlatforms) = preSolution
		Debug|Any CPU = Debug|Any CPU
		Release|Any CPU = Release|Any CPU
	EndGlobalSection
	GlobalSection(ProjectConfigurationPlatforms) = postSolution
		{47853CB5-B034-4802-B81E-DB1A9C6AD9D0}.Debug|Any CPU.ActiveCfg = Debug|Any CPU
		{47853CB5-B034-4802-B81E-DB1A9C6AD9D0}.Debug|Any CPU.Build.0 = Debug|Any CPU
		{47853CB5-B034-4802-B81E-DB1A9C6AD9D0}.Release|Any CPU.ActiveCfg = Release|Any CPU
		{47853CB5-B034-4802-B81E-DB1A9C6AD9D0}.Release|Any CPU.Build.0 = Release|Any CPU
	EndGlobalSection
	GlobalSection(SolutionProperties) = preSolution
		HideSolutionNode = FALSE
	EndGlobalSection
	GlobalSection(ExtensibilityGlobals) = postSolution
		SolutionGuid = {3ABDB837-ABE8-4FB2-9A9F-B0CA223EC723}
	EndGlobalSection
EndGlobal
